{
  "object": {
    "pins": [
      {
        "package": "CoreStore",
        "repositoryURL": "https://github.com/JohnEstropia/CoreStore",
        "state": {
          "branch": null,
          "revision": "73b7fcd9071616ead14d3c486e8d1076b29f8bf2",
          "version": "7.1.0"
        }
      },
      {
        "package": "Hero",
        "repositoryURL": "https://github.com/HeroTransitions/Hero",
        "state": {
          "branch": null,
          "revision": "ae951b89f23485de8a7b95aaa5cead7f78ab1df0",
          "version": "1.5.0"
        }
      },
      {
        "package": "PKHUD",
        "repositoryURL": "https://github.com/dmatushkin/PKHUD",
        "state": {
          "branch": "master",
          "revision": "e42abe54de142b70da9d0fa53150e32b7bf1ab8a",
          "version": null
        }
      },
      {
        "package": "RxSwift",
        "repositoryURL": "https://github.com/ReactiveX/RxSwift",
        "state": {
          "branch": "master",
          "revision": "002d325b0bdee94e7882e1114af5ff4fe1e96afa",
          "version": null
        }
      },
      {
        "package": "SwiftDate",
        "repositoryURL": "https://github.com/malcommac/SwiftDate",
        "state": {
          "branch": null,
          "revision": "700dde1b3417fd4a7fd2bec9f5bc8ab2de1b96b4",
          "version": "6.1.0"
        }
      },
      {
        "package": "SwiftyBeaver",
        "repositoryURL": "https://github.com/SwiftyBeaver/SwiftyBeaver",
        "state": {
          "branch": null,
          "revision": "97477264cd683a387e80fc2f9b0f0e8db8070ed2",
          "version": "1.9.0"
        }
      }
    ]
  },
  "version": 1
}
