{
  "object": {
    "pins": [
      {
        "package": "CloudKitSync",
        "repositoryURL": "https://github.com/dmatushkin/CloudKitSync.git",
        "state": {
          "branch": "master",
          "revision": "db248a63581660b5e98404e30a2869d6eedec228",
          "version": null
        }
      },
      {
        "package": "CommonError",
        "repositoryURL": "https://github.com/dmatushkin/CommonError.git",
        "state": {
          "branch": "master",
          "revision": "3150d7c8e7d443521aedfe95a89a9a742f243fe4",
          "version": null
        }
      },
      {
        "package": "CoreStore",
        "repositoryURL": "https://github.com/JohnEstropia/CoreStore",
        "state": {
          "branch": null,
          "revision": "a40df37192622b093321fc2003f4a5cbe3860ffb",
          "version": "7.3.1"
        }
      },
      {
        "package": "DependencyInjection",
        "repositoryURL": "https://github.com/dmatushkin/DependencyInjection.git",
        "state": {
          "branch": "master",
          "revision": "1babedfed7d52bb7350e29f1ea3be72e449830d5",
          "version": null
        }
      },
      {
        "package": "Hero",
        "repositoryURL": "https://github.com/HeroTransitions/Hero",
        "state": {
          "branch": null,
          "revision": "ae951b89f23485de8a7b95aaa5cead7f78ab1df0",
          "version": "1.5.0"
        }
      },
      {
        "package": "PKHUD",
        "repositoryURL": "https://github.com/dmatushkin/PKHUD",
        "state": {
          "branch": "master",
          "revision": "e42abe54de142b70da9d0fa53150e32b7bf1ab8a",
          "version": null
        }
      },
      {
        "package": "QuickLayout",
        "repositoryURL": "https://github.com/huri000/QuickLayout",
        "state": {
          "branch": null,
          "revision": "6be62decbe508d8fc8f9dbafc349d05bab03c38b",
          "version": "3.0.1"
        }
      },
      {
        "package": "SwiftDate",
        "repositoryURL": "https://github.com/malcommac/SwiftDate",
        "state": {
          "branch": null,
          "revision": "6190d0cefff3013e77ed567e6b074f324e5c5bf5",
          "version": "6.3.1"
        }
      },
      {
        "package": "SwiftEntryKit",
        "repositoryURL": "https://github.com/huri000/SwiftEntryKit",
        "state": {
          "branch": null,
          "revision": "f280a02c60f4c2563561312df26a357a1cf714e2",
          "version": "1.2.6"
        }
      },
      {
        "package": "SwiftyBeaver",
        "repositoryURL": "https://github.com/SwiftyBeaver/SwiftyBeaver.git",
        "state": {
          "branch": null,
          "revision": "2c513a2e8fbfbd6495afc4a05941d8e3fdba68e9",
          "version": "1.9.3"
        }
      }
    ]
  },
  "version": 1
}
