{
  "object": {
    "pins": [
      {
        "package": "CloudKitSync",
        "repositoryURL": "https://github.com/dmatushkin/CloudKitSync.git",
        "state": {
          "branch": "master",
          "revision": "c16a33eaac41706917486d3cb99a5bbae6d0dcd8",
          "version": null
        }
      },
      {
        "package": "CommonError",
        "repositoryURL": "https://github.com/dmatushkin/CommonError.git",
        "state": {
          "branch": "master",
          "revision": "3150d7c8e7d443521aedfe95a89a9a742f243fe4",
          "version": null
        }
      },
      {
        "package": "CoreStore",
        "repositoryURL": "https://github.com/JohnEstropia/CoreStore",
        "state": {
          "branch": null,
          "revision": "e7205048559e839f4b428f732bde6c056a572fb1",
          "version": "7.2.0"
        }
      },
      {
        "package": "DependencyInjection",
        "repositoryURL": "https://github.com/dmatushkin/DependencyInjection.git",
        "state": {
          "branch": "master",
          "revision": "1babedfed7d52bb7350e29f1ea3be72e449830d5",
          "version": null
        }
      },
      {
        "package": "Hero",
        "repositoryURL": "https://github.com/HeroTransitions/Hero",
        "state": {
          "branch": null,
          "revision": "ae951b89f23485de8a7b95aaa5cead7f78ab1df0",
          "version": "1.5.0"
        }
      },
      {
        "package": "PKHUD",
        "repositoryURL": "https://github.com/dmatushkin/PKHUD",
        "state": {
          "branch": "master",
          "revision": "e42abe54de142b70da9d0fa53150e32b7bf1ab8a",
          "version": null
        }
      },
      {
        "package": "QuickLayout",
        "repositoryURL": "https://github.com/huri000/QuickLayout",
        "state": {
          "branch": null,
          "revision": "6be62decbe508d8fc8f9dbafc349d05bab03c38b",
          "version": "3.0.1"
        }
      },
      {
        "package": "SwiftDate",
        "repositoryURL": "https://github.com/malcommac/SwiftDate",
        "state": {
          "branch": null,
          "revision": "700dde1b3417fd4a7fd2bec9f5bc8ab2de1b96b4",
          "version": "6.1.0"
        }
      },
      {
        "package": "SwiftEntryKit",
        "repositoryURL": "https://github.com/huri000/SwiftEntryKit",
        "state": {
          "branch": null,
          "revision": "796981500de29ee72f72ef8e9c46eaed2fe6364e",
          "version": "1.2.3"
        }
      },
      {
        "package": "SwiftyBeaver",
        "repositoryURL": "https://github.com/SwiftyBeaver/SwiftyBeaver.git",
        "state": {
          "branch": null,
          "revision": "e0fb3a74cb993d7dcf1e56734cdc98ad6e6d8176",
          "version": "1.9.1"
        }
      }
    ]
  },
  "version": 1
}
